
Microsoft Visual Studio Solution File, Format Version 12.00
# Visual Studio 2012
Project("{8BC9CEB8-8B4A-11D0-8D11-00A0C91BC942}") = "ChonXeChoHocSinhThamLam", "ChonXeChoHocSinhThamLam\ChonXeChoHocSinhThamLam.vcxproj", "{C09A4485-C7FB-4C50-BF8D-5B1A291E88B4}"
EndProject
Global
	GlobalSection(SolutionConfigurationPlatforms) = preSolution
		Debug|Win32 = Debug|Win32
		Release|Win32 = Release|Win32
	EndGlobalSection
	GlobalSection(ProjectConfigurationPlatforms) = postSolution
		{C09A4485-C7FB-4C50-BF8D-5B1A291E88B4}.Debug|Win32.ActiveCfg = Debug|Win32
		{C09A4485-C7FB-4C50-BF8D-5B1A291E88B4}.Debug|Win32.Build.0 = Debug|Win32
		{C09A4485-C7FB-4C50-BF8D-5B1A291E88B4}.Release|Win32.ActiveCfg = Release|Win32
		{C09A4485-C7FB-4C50-BF8D-5B1A291E88B4}.Release|Win32.Build.0 = Release|Win32
	EndGlobalSection
	GlobalSection(SolutionProperties) = preSolution
		HideSolutionNode = FALSE
	EndGlobalSection
EndGlobal
